
Microsoft Visual Studio Solution File, Format Version 12.00
# Visual Studio Version 17
VisualStudioVersion = 17.6.33829.357
MinimumVisualStudioVersion = 10.0.40219.1
Project("{FAE04EC0-301F-11D3-BF4B-00C04F79EFBC}") = "quan_ly_quan_cafe", "quan_ly_quan_cafe\quan_ly_quan_cafe.csproj", "{6C1F6712-C859-40B0-BFD9-A4CAF49B7E19}"
EndProject
Global
	GlobalSection(SolutionConfigurationPlatforms) = preSolution
		Debug|Any CPU = Debug|Any CPU
		Release|Any CPU = Release|Any CPU
	EndGlobalSection
	GlobalSection(ProjectConfigurationPlatforms) = postSolution
		{6C1F6712-C859-40B0-BFD9-A4CAF49B7E19}.Debug|Any CPU.ActiveCfg = Debug|Any CPU
		{6C1F6712-C859-40B0-BFD9-A4CAF49B7E19}.Debug|Any CPU.Build.0 = Debug|Any CPU
		{6C1F6712-C859-40B0-BFD9-A4CAF49B7E19}.Release|Any CPU.ActiveCfg = Release|Any CPU
		{6C1F6712-C859-40B0-BFD9-A4CAF49B7E19}.Release|Any CPU.Build.0 = Release|Any CPU
	EndGlobalSection
	GlobalSection(SolutionProperties) = preSolution
		HideSolutionNode = FALSE
	EndGlobalSection
	GlobalSection(ExtensibilityGlobals) = postSolution
		SolutionGuid = {0D3BAD08-DA17-479D-A11A-CEB38DF6BC5A}
	EndGlobalSection
EndGlobal
